
Microsoft Visual Studio Solution File, Format Version 12.00
# Visual Studio 2013
VisualStudioVersion = 12.0.21005.1
MinimumVisualStudioVersion = 10.0.40219.1
Project("{FAE04EC0-301F-11D3-BF4B-00C04F79EFBC}") = "AbstractFactory", "AbstractFactory\AbstractFactory.csproj", "{EBC7C0FC-6661-4988-9158-17D0F68C52B4}"
EndProject
Project("{FAE04EC0-301F-11D3-BF4B-00C04F79EFBC}") = "Builder", "Builder\Builder.csproj", "{56D614CC-5AEC-4B76-B6AB-24347B935F23}"
EndProject
Project("{FAE04EC0-301F-11D3-BF4B-00C04F79EFBC}") = "Factory Method", "Factory Method\Factory Method.csproj", "{DC67C9DF-0A33-4508-A86E-349BCF60BB61}"
EndProject
Project("{FAE04EC0-301F-11D3-BF4B-00C04F79EFBC}") = "Prototype", "Prototype\Prototype.csproj", "{059CA8F5-0999-45FA-9BD0-236B0BC9841E}"
EndProject
Project("{FAE04EC0-301F-11D3-BF4B-00C04F79EFBC}") = "Singleton", "Singleton\Singleton.csproj", "{F4ECF296-C540-4C59-9886-0EA6ED1CE9D9}"
EndProject
Project("{FAE04EC0-301F-11D3-BF4B-00C04F79EFBC}") = "Foobar Motor Company", "Foobar Motor Company\Foobar Motor Company.csproj", "{19957A7E-CC86-4F68-937A-87AD56009953}"
EndProject
Project("{2150E333-8FDC-42A3-9474-1A3956D46DE8}") = "Structural Patterns", "Structural Patterns", "{81329CC6-A620-4B33-975A-B0D488D7D466}"
EndProject
Project("{FAE04EC0-301F-11D3-BF4B-00C04F79EFBC}") = "Adapter", "Adapter\Adapter.csproj", "{E8DF5B7E-4F84-4B74-BD1E-E130B39474D5}"
EndProject
Project("{FAE04EC0-301F-11D3-BF4B-00C04F79EFBC}") = "Bridge", "Bridge\Bridge.csproj", "{60FA2CE2-6539-4430-A8F5-67A084DBDEF2}"
EndProject
Project("{FAE04EC0-301F-11D3-BF4B-00C04F79EFBC}") = "Composite", "Composite\Composite.csproj", "{3D6FC035-CC0C-471E-AE85-E8E0573FC0D1}"
EndProject
Project("{FAE04EC0-301F-11D3-BF4B-00C04F79EFBC}") = "Decorator", "Decorator\Decorator.csproj", "{F3429DDF-FB08-4C02-BDEC-643D38F71117}"
EndProject
Project("{FAE04EC0-301F-11D3-BF4B-00C04F79EFBC}") = "Facade", "Facade\Facade.csproj", "{E6FE646A-09D5-476A-B124-4065818548C6}"
EndProject
Project("{FAE04EC0-301F-11D3-BF4B-00C04F79EFBC}") = "Flyweight", "Flyweight\Flyweight.csproj", "{81D921E8-4B11-4C2A-AD25-4F25EB343DCC}"
EndProject
Project("{FAE04EC0-301F-11D3-BF4B-00C04F79EFBC}") = "Proxy", "Proxy\Proxy.csproj", "{44EBFCCB-7099-491B-9829-322EE62D59CD}"
EndProject
Project("{2150E333-8FDC-42A3-9474-1A3956D46DE8}") = "Creational Patterns", "Creational Patterns", "{F4A6485A-2DB3-4168-8025-461DC8CF9A2B}"
EndProject
Project("{2150E333-8FDC-42A3-9474-1A3956D46DE8}") = "Behavioural Patterns", "Behavioural Patterns", "{C3335CE9-711A-4C59-8797-C60EECE68C45}"
EndProject
Project("{FAE04EC0-301F-11D3-BF4B-00C04F79EFBC}") = "Chain of Responsibility", "Chain of Responsibility\Chain of Responsibility.csproj", "{143F3C74-C352-4349-97C6-032F129F3D03}"
EndProject
Project("{FAE04EC0-301F-11D3-BF4B-00C04F79EFBC}") = "Command", "Command\Command.csproj", "{384376AB-B879-4ABF-9B32-FFA6151DB3B0}"
EndProject
Project("{FAE04EC0-301F-11D3-BF4B-00C04F79EFBC}") = "Interpreter", "Interpreter\Interpreter.csproj", "{BBA06BC8-1FC4-4B01-B917-B9DE5C43D88D}"
EndProject
Project("{FAE04EC0-301F-11D3-BF4B-00C04F79EFBC}") = "Iterator", "Iterator\Iterator.csproj", "{480F8006-802D-451B-A59B-698BB1D2B292}"
EndProject
Project("{FAE04EC0-301F-11D3-BF4B-00C04F79EFBC}") = "Mediator", "Mediator\Mediator.csproj", "{801F10F2-6555-43B5-B327-9719E46FCD1C}"
EndProject
Project("{FAE04EC0-301F-11D3-BF4B-00C04F79EFBC}") = "Memento", "Memento\Memento.csproj", "{A5C4715D-C1AF-46D0-8AF4-DC77944ED289}"
EndProject
Project("{FAE04EC0-301F-11D3-BF4B-00C04F79EFBC}") = "Observer", "Observer\Observer.csproj", "{BE68F2EA-F857-4C23-B172-A9520BC19FB1}"
EndProject
Project("{FAE04EC0-301F-11D3-BF4B-00C04F79EFBC}") = "State", "State\State.csproj", "{91494BA7-266D-4805-8325-2106FB26BE25}"
EndProject
Project("{FAE04EC0-301F-11D3-BF4B-00C04F79EFBC}") = "Strategy", "Strategy\Strategy.csproj", "{FB067ED4-7F33-4070-AD4B-02BD1039E10E}"
EndProject
Project("{FAE04EC0-301F-11D3-BF4B-00C04F79EFBC}") = "Template Method", "Template Method\Template Method.csproj", "{7208A353-75B5-41CE-9411-76ADF7F8A943}"
EndProject
Project("{FAE04EC0-301F-11D3-BF4B-00C04F79EFBC}") = "Visitor", "Visitor\Visitor.csproj", "{3FD8ACF0-3BF5-46D3-9C43-858B71FB5E83}"
EndProject
Project("{2150E333-8FDC-42A3-9474-1A3956D46DE8}") = "Other Useful Patterns", "Other Useful Patterns", "{B41C8479-DE75-4625-BA27-BD509525E82C}"
EndProject
Project("{FAE04EC0-301F-11D3-BF4B-00C04F79EFBC}") = "Null Object", "Null Object\Null Object.csproj", "{57E1F0A8-6E30-4519-A204-BADD89A62EC4}"
EndProject
Project("{FAE04EC0-301F-11D3-BF4B-00C04F79EFBC}") = "Simple Factory", "Simple Factory\Simple Factory.csproj", "{F40BC58B-C30A-4C1D-A343-3CF66B743611}"
EndProject
Project("{FAE04EC0-301F-11D3-BF4B-00C04F79EFBC}") = "ModelViewController", "ModelViewController\ModelViewController.csproj", "{E372D7F9-027E-4A18-80B3-17E58613B2B5}"
EndProject
Project("{2150E333-8FDC-42A3-9474-1A3956D46DE8}") = "Design Pattern in Practice", "Design Pattern in Practice", "{81646433-65BF-46B5-9954-FC6DE67C54BA}"
EndProject
Project("{FAE04EC0-301F-11D3-BF4B-00C04F79EFBC}") = "Sample 3-Tier Application", "Sample 3-Tier Application\Sample 3-Tier Application.csproj", "{B3810EFB-4351-4FDF-8A6D-9062C614D5D5}"
EndProject
Global
	GlobalSection(SolutionConfigurationPlatforms) = preSolution
		Debug|Any CPU = Debug|Any CPU
		Release|Any CPU = Release|Any CPU
	EndGlobalSection
	GlobalSection(ProjectConfigurationPlatforms) = postSolution
		{EBC7C0FC-6661-4988-9158-17D0F68C52B4}.Debug|Any CPU.ActiveCfg = Debug|Any CPU
		{EBC7C0FC-6661-4988-9158-17D0F68C52B4}.Debug|Any CPU.Build.0 = Debug|Any CPU
		{EBC7C0FC-6661-4988-9158-17D0F68C52B4}.Release|Any CPU.ActiveCfg = Release|Any CPU
		{EBC7C0FC-6661-4988-9158-17D0F68C52B4}.Release|Any CPU.Build.0 = Release|Any CPU
		{56D614CC-5AEC-4B76-B6AB-24347B935F23}.Debug|Any CPU.ActiveCfg = Debug|Any CPU
		{56D614CC-5AEC-4B76-B6AB-24347B935F23}.Debug|Any CPU.Build.0 = Debug|Any CPU
		{56D614CC-5AEC-4B76-B6AB-24347B935F23}.Release|Any CPU.ActiveCfg = Release|Any CPU
		{56D614CC-5AEC-4B76-B6AB-24347B935F23}.Release|Any CPU.Build.0 = Release|Any CPU
		{DC67C9DF-0A33-4508-A86E-349BCF60BB61}.Debug|Any CPU.ActiveCfg = Debug|Any CPU
		{DC67C9DF-0A33-4508-A86E-349BCF60BB61}.Debug|Any CPU.Build.0 = Debug|Any CPU
		{DC67C9DF-0A33-4508-A86E-349BCF60BB61}.Release|Any CPU.ActiveCfg = Release|Any CPU
		{DC67C9DF-0A33-4508-A86E-349BCF60BB61}.Release|Any CPU.Build.0 = Release|Any CPU
		{059CA8F5-0999-45FA-9BD0-236B0BC9841E}.Debug|Any CPU.ActiveCfg = Debug|Any CPU
		{059CA8F5-0999-45FA-9BD0-236B0BC9841E}.Debug|Any CPU.Build.0 = Debug|Any CPU
		{059CA8F5-0999-45FA-9BD0-236B0BC9841E}.Release|Any CPU.ActiveCfg = Release|Any CPU
		{059CA8F5-0999-45FA-9BD0-236B0BC9841E}.Release|Any CPU.Build.0 = Release|Any CPU
		{F4ECF296-C540-4C59-9886-0EA6ED1CE9D9}.Debug|Any CPU.ActiveCfg = Debug|Any CPU
		{F4ECF296-C540-4C59-9886-0EA6ED1CE9D9}.Debug|Any CPU.Build.0 = Debug|Any CPU
		{F4ECF296-C540-4C59-9886-0EA6ED1CE9D9}.Release|Any CPU.ActiveCfg = Release|Any CPU
		{F4ECF296-C540-4C59-9886-0EA6ED1CE9D9}.Release|Any CPU.Build.0 = Release|Any CPU
		{19957A7E-CC86-4F68-937A-87AD56009953}.Debug|Any CPU.ActiveCfg = Debug|Any CPU
		{19957A7E-CC86-4F68-937A-87AD56009953}.Debug|Any CPU.Build.0 = Debug|Any CPU
		{19957A7E-CC86-4F68-937A-87AD56009953}.Release|Any CPU.ActiveCfg = Release|Any CPU
		{19957A7E-CC86-4F68-937A-87AD56009953}.Release|Any CPU.Build.0 = Release|Any CPU
		{E8DF5B7E-4F84-4B74-BD1E-E130B39474D5}.Debug|Any CPU.ActiveCfg = Debug|Any CPU
		{E8DF5B7E-4F84-4B74-BD1E-E130B39474D5}.Debug|Any CPU.Build.0 = Debug|Any CPU
		{E8DF5B7E-4F84-4B74-BD1E-E130B39474D5}.Release|Any CPU.ActiveCfg = Release|Any CPU
		{E8DF5B7E-4F84-4B74-BD1E-E130B39474D5}.Release|Any CPU.Build.0 = Release|Any CPU
		{60FA2CE2-6539-4430-A8F5-67A084DBDEF2}.Debug|Any CPU.ActiveCfg = Debug|Any CPU
		{60FA2CE2-6539-4430-A8F5-67A084DBDEF2}.Debug|Any CPU.Build.0 = Debug|Any CPU
		{60FA2CE2-6539-4430-A8F5-67A084DBDEF2}.Release|Any CPU.ActiveCfg = Release|Any CPU
		{60FA2CE2-6539-4430-A8F5-67A084DBDEF2}.Release|Any CPU.Build.0 = Release|Any CPU
		{3D6FC035-CC0C-471E-AE85-E8E0573FC0D1}.Debug|Any CPU.ActiveCfg = Debug|Any CPU
		{3D6FC035-CC0C-471E-AE85-E8E0573FC0D1}.Debug|Any CPU.Build.0 = Debug|Any CPU
		{3D6FC035-CC0C-471E-AE85-E8E0573FC0D1}.Release|Any CPU.ActiveCfg = Release|Any CPU
		{3D6FC035-CC0C-471E-AE85-E8E0573FC0D1}.Release|Any CPU.Build.0 = Release|Any CPU
		{F3429DDF-FB08-4C02-BDEC-643D38F71117}.Debug|Any CPU.ActiveCfg = Debug|Any CPU
		{F3429DDF-FB08-4C02-BDEC-643D38F71117}.Debug|Any CPU.Build.0 = Debug|Any CPU
		{F3429DDF-FB08-4C02-BDEC-643D38F71117}.Release|Any CPU.ActiveCfg = Release|Any CPU
		{F3429DDF-FB08-4C02-BDEC-643D38F71117}.Release|Any CPU.Build.0 = Release|Any CPU
		{E6FE646A-09D5-476A-B124-4065818548C6}.Debug|Any CPU.ActiveCfg = Debug|Any CPU
		{E6FE646A-09D5-476A-B124-4065818548C6}.Debug|Any CPU.Build.0 = Debug|Any CPU
		{E6FE646A-09D5-476A-B124-4065818548C6}.Release|Any CPU.ActiveCfg = Release|Any CPU
		{E6FE646A-09D5-476A-B124-4065818548C6}.Release|Any CPU.Build.0 = Release|Any CPU
		{81D921E8-4B11-4C2A-AD25-4F25EB343DCC}.Debug|Any CPU.ActiveCfg = Debug|Any CPU
		{81D921E8-4B11-4C2A-AD25-4F25EB343DCC}.Debug|Any CPU.Build.0 = Debug|Any CPU
		{81D921E8-4B11-4C2A-AD25-4F25EB343DCC}.Release|Any CPU.ActiveCfg = Release|Any CPU
		{81D921E8-4B11-4C2A-AD25-4F25EB343DCC}.Release|Any CPU.Build.0 = Release|Any CPU
		{44EBFCCB-7099-491B-9829-322EE62D59CD}.Debug|Any CPU.ActiveCfg = Debug|Any CPU
		{44EBFCCB-7099-491B-9829-322EE62D59CD}.Debug|Any CPU.Build.0 = Debug|Any CPU
		{44EBFCCB-7099-491B-9829-322EE62D59CD}.Release|Any CPU.ActiveCfg = Release|Any CPU
		{44EBFCCB-7099-491B-9829-322EE62D59CD}.Release|Any CPU.Build.0 = Release|Any CPU
		{143F3C74-C352-4349-97C6-032F129F3D03}.Debug|Any CPU.ActiveCfg = Debug|Any CPU
		{143F3C74-C352-4349-97C6-032F129F3D03}.Debug|Any CPU.Build.0 = Debug|Any CPU
		{143F3C74-C352-4349-97C6-032F129F3D03}.Release|Any CPU.ActiveCfg = Release|Any CPU
		{143F3C74-C352-4349-97C6-032F129F3D03}.Release|Any CPU.Build.0 = Release|Any CPU
		{384376AB-B879-4ABF-9B32-FFA6151DB3B0}.Debug|Any CPU.ActiveCfg = Debug|Any CPU
		{384376AB-B879-4ABF-9B32-FFA6151DB3B0}.Debug|Any CPU.Build.0 = Debug|Any CPU
		{384376AB-B879-4ABF-9B32-FFA6151DB3B0}.Release|Any CPU.ActiveCfg = Release|Any CPU
		{384376AB-B879-4ABF-9B32-FFA6151DB3B0}.Release|Any CPU.Build.0 = Release|Any CPU
		{BBA06BC8-1FC4-4B01-B917-B9DE5C43D88D}.Debug|Any CPU.ActiveCfg = Debug|Any CPU
		{BBA06BC8-1FC4-4B01-B917-B9DE5C43D88D}.Debug|Any CPU.Build.0 = Debug|Any CPU
		{BBA06BC8-1FC4-4B01-B917-B9DE5C43D88D}.Release|Any CPU.ActiveCfg = Release|Any CPU
		{BBA06BC8-1FC4-4B01-B917-B9DE5C43D88D}.Release|Any CPU.Build.0 = Release|Any CPU
		{480F8006-802D-451B-A59B-698BB1D2B292}.Debug|Any CPU.ActiveCfg = Debug|Any CPU
		{480F8006-802D-451B-A59B-698BB1D2B292}.Debug|Any CPU.Build.0 = Debug|Any CPU
		{480F8006-802D-451B-A59B-698BB1D2B292}.Release|Any CPU.ActiveCfg = Release|Any CPU
		{480F8006-802D-451B-A59B-698BB1D2B292}.Release|Any CPU.Build.0 = Release|Any CPU
		{801F10F2-6555-43B5-B327-9719E46FCD1C}.Debug|Any CPU.ActiveCfg = Debug|Any CPU
		{801F10F2-6555-43B5-B327-9719E46FCD1C}.Debug|Any CPU.Build.0 = Debug|Any CPU
		{801F10F2-6555-43B5-B327-9719E46FCD1C}.Release|Any CPU.ActiveCfg = Release|Any CPU
		{801F10F2-6555-43B5-B327-9719E46FCD1C}.Release|Any CPU.Build.0 = Release|Any CPU
		{A5C4715D-C1AF-46D0-8AF4-DC77944ED289}.Debug|Any CPU.ActiveCfg = Debug|Any CPU
		{A5C4715D-C1AF-46D0-8AF4-DC77944ED289}.Debug|Any CPU.Build.0 = Debug|Any CPU
		{A5C4715D-C1AF-46D0-8AF4-DC77944ED289}.Release|Any CPU.ActiveCfg = Release|Any CPU
		{A5C4715D-C1AF-46D0-8AF4-DC77944ED289}.Release|Any CPU.Build.0 = Release|Any CPU
		{BE68F2EA-F857-4C23-B172-A9520BC19FB1}.Debug|Any CPU.ActiveCfg = Debug|Any CPU
		{BE68F2EA-F857-4C23-B172-A9520BC19FB1}.Debug|Any CPU.Build.0 = Debug|Any CPU
		{BE68F2EA-F857-4C23-B172-A9520BC19FB1}.Release|Any CPU.ActiveCfg = Release|Any CPU
		{BE68F2EA-F857-4C23-B172-A9520BC19FB1}.Release|Any CPU.Build.0 = Release|Any CPU
		{91494BA7-266D-4805-8325-2106FB26BE25}.Debug|Any CPU.ActiveCfg = Debug|Any CPU
		{91494BA7-266D-4805-8325-2106FB26BE25}.Debug|Any CPU.Build.0 = Debug|Any CPU
		{91494BA7-266D-4805-8325-2106FB26BE25}.Release|Any CPU.ActiveCfg = Release|Any CPU
		{91494BA7-266D-4805-8325-2106FB26BE25}.Release|Any CPU.Build.0 = Release|Any CPU
		{FB067ED4-7F33-4070-AD4B-02BD1039E10E}.Debug|Any CPU.ActiveCfg = Debug|Any CPU
		{FB067ED4-7F33-4070-AD4B-02BD1039E10E}.Debug|Any CPU.Build.0 = Debug|Any CPU
		{FB067ED4-7F33-4070-AD4B-02BD1039E10E}.Release|Any CPU.ActiveCfg = Release|Any CPU
		{FB067ED4-7F33-4070-AD4B-02BD1039E10E}.Release|Any CPU.Build.0 = Release|Any CPU
		{7208A353-75B5-41CE-9411-76ADF7F8A943}.Debug|Any CPU.ActiveCfg = Debug|Any CPU
		{7208A353-75B5-41CE-9411-76ADF7F8A943}.Debug|Any CPU.Build.0 = Debug|Any CPU
		{7208A353-75B5-41CE-9411-76ADF7F8A943}.Release|Any CPU.ActiveCfg = Release|Any CPU
		{7208A353-75B5-41CE-9411-76ADF7F8A943}.Release|Any CPU.Build.0 = Release|Any CPU
		{3FD8ACF0-3BF5-46D3-9C43-858B71FB5E83}.Debug|Any CPU.ActiveCfg = Debug|Any CPU
		{3FD8ACF0-3BF5-46D3-9C43-858B71FB5E83}.Debug|Any CPU.Build.0 = Debug|Any CPU
		{3FD8ACF0-3BF5-46D3-9C43-858B71FB5E83}.Release|Any CPU.ActiveCfg = Release|Any CPU
		{3FD8ACF0-3BF5-46D3-9C43-858B71FB5E83}.Release|Any CPU.Build.0 = Release|Any CPU
		{57E1F0A8-6E30-4519-A204-BADD89A62EC4}.Debug|Any CPU.ActiveCfg = Debug|Any CPU
		{57E1F0A8-6E30-4519-A204-BADD89A62EC4}.Debug|Any CPU.Build.0 = Debug|Any CPU
		{57E1F0A8-6E30-4519-A204-BADD89A62EC4}.Release|Any CPU.ActiveCfg = Release|Any CPU
		{57E1F0A8-6E30-4519-A204-BADD89A62EC4}.Release|Any CPU.Build.0 = Release|Any CPU
		{F40BC58B-C30A-4C1D-A343-3CF66B743611}.Debug|Any CPU.ActiveCfg = Debug|Any CPU
		{F40BC58B-C30A-4C1D-A343-3CF66B743611}.Debug|Any CPU.Build.0 = Debug|Any CPU
		{F40BC58B-C30A-4C1D-A343-3CF66B743611}.Release|Any CPU.ActiveCfg = Release|Any CPU
		{F40BC58B-C30A-4C1D-A343-3CF66B743611}.Release|Any CPU.Build.0 = Release|Any CPU
		{E372D7F9-027E-4A18-80B3-17E58613B2B5}.Debug|Any CPU.ActiveCfg = Debug|Any CPU
		{E372D7F9-027E-4A18-80B3-17E58613B2B5}.Debug|Any CPU.Build.0 = Debug|Any CPU
		{E372D7F9-027E-4A18-80B3-17E58613B2B5}.Release|Any CPU.ActiveCfg = Release|Any CPU
		{E372D7F9-027E-4A18-80B3-17E58613B2B5}.Release|Any CPU.Build.0 = Release|Any CPU
		{B3810EFB-4351-4FDF-8A6D-9062C614D5D5}.Debug|Any CPU.ActiveCfg = Debug|Any CPU
		{B3810EFB-4351-4FDF-8A6D-9062C614D5D5}.Debug|Any CPU.Build.0 = Debug|Any CPU
		{B3810EFB-4351-4FDF-8A6D-9062C614D5D5}.Release|Any CPU.ActiveCfg = Release|Any CPU
		{B3810EFB-4351-4FDF-8A6D-9062C614D5D5}.Release|Any CPU.Build.0 = Release|Any CPU
	EndGlobalSection
	GlobalSection(SolutionProperties) = preSolution
		HideSolutionNode = FALSE
	EndGlobalSection
	GlobalSection(NestedProjects) = preSolution
		{56D614CC-5AEC-4B76-B6AB-24347B935F23} = {F4A6485A-2DB3-4168-8025-461DC8CF9A2B}
		{DC67C9DF-0A33-4508-A86E-349BCF60BB61} = {F4A6485A-2DB3-4168-8025-461DC8CF9A2B}
		{059CA8F5-0999-45FA-9BD0-236B0BC9841E} = {F4A6485A-2DB3-4168-8025-461DC8CF9A2B}
		{F4ECF296-C540-4C59-9886-0EA6ED1CE9D9} = {F4A6485A-2DB3-4168-8025-461DC8CF9A2B}
		{EBC7C0FC-6661-4988-9158-17D0F68C52B4} = {F4A6485A-2DB3-4168-8025-461DC8CF9A2B}
		{E8DF5B7E-4F84-4B74-BD1E-E130B39474D5} = {81329CC6-A620-4B33-975A-B0D488D7D466}
		{60FA2CE2-6539-4430-A8F5-67A084DBDEF2} = {81329CC6-A620-4B33-975A-B0D488D7D466}
		{3D6FC035-CC0C-471E-AE85-E8E0573FC0D1} = {81329CC6-A620-4B33-975A-B0D488D7D466}
		{F3429DDF-FB08-4C02-BDEC-643D38F71117} = {81329CC6-A620-4B33-975A-B0D488D7D466}
		{E6FE646A-09D5-476A-B124-4065818548C6} = {81329CC6-A620-4B33-975A-B0D488D7D466}
		{81D921E8-4B11-4C2A-AD25-4F25EB343DCC} = {81329CC6-A620-4B33-975A-B0D488D7D466}
		{44EBFCCB-7099-491B-9829-322EE62D59CD} = {81329CC6-A620-4B33-975A-B0D488D7D466}
		{143F3C74-C352-4349-97C6-032F129F3D03} = {C3335CE9-711A-4C59-8797-C60EECE68C45}
		{384376AB-B879-4ABF-9B32-FFA6151DB3B0} = {C3335CE9-711A-4C59-8797-C60EECE68C45}
		{BBA06BC8-1FC4-4B01-B917-B9DE5C43D88D} = {C3335CE9-711A-4C59-8797-C60EECE68C45}
		{480F8006-802D-451B-A59B-698BB1D2B292} = {C3335CE9-711A-4C59-8797-C60EECE68C45}
		{801F10F2-6555-43B5-B327-9719E46FCD1C} = {C3335CE9-711A-4C59-8797-C60EECE68C45}
		{A5C4715D-C1AF-46D0-8AF4-DC77944ED289} = {C3335CE9-711A-4C59-8797-C60EECE68C45}
		{BE68F2EA-F857-4C23-B172-A9520BC19FB1} = {C3335CE9-711A-4C59-8797-C60EECE68C45}
		{91494BA7-266D-4805-8325-2106FB26BE25} = {C3335CE9-711A-4C59-8797-C60EECE68C45}
		{FB067ED4-7F33-4070-AD4B-02BD1039E10E} = {C3335CE9-711A-4C59-8797-C60EECE68C45}
		{7208A353-75B5-41CE-9411-76ADF7F8A943} = {C3335CE9-711A-4C59-8797-C60EECE68C45}
		{3FD8ACF0-3BF5-46D3-9C43-858B71FB5E83} = {C3335CE9-711A-4C59-8797-C60EECE68C45}
		{57E1F0A8-6E30-4519-A204-BADD89A62EC4} = {B41C8479-DE75-4625-BA27-BD509525E82C}
		{F40BC58B-C30A-4C1D-A343-3CF66B743611} = {B41C8479-DE75-4625-BA27-BD509525E82C}
		{E372D7F9-027E-4A18-80B3-17E58613B2B5} = {B41C8479-DE75-4625-BA27-BD509525E82C}
		{B3810EFB-4351-4FDF-8A6D-9062C614D5D5} = {81646433-65BF-46B5-9954-FC6DE67C54BA}
	EndGlobalSection
EndGlobal
